
Microsoft Visual Studio Solution File, Format Version 12.00
# Visual Studio Version 17
VisualStudioVersion = 17.10.35004.147
MinimumVisualStudioVersion = 10.0.40219.1
Project("{9A19103F-16F7-4668-BE54-9A1E7A4F7556}") = "DVTN.Frontend.Web", "DVTN.Frontend.Web\DVTN.Frontend.Web.csproj", "{4E27067F-74FE-48F4-B825-752E065782DD}"
EndProject
Project("{FAE04EC0-301F-11D3-BF4B-00C04F79EFBC}") = "DVTN.Frontend.Test", "DVTN.Frontend.Test\DVTN.Frontend.Test.csproj", "{74F741E0-FC39-4434-A883-28537B420022}"
EndProject
Global
	GlobalSection(SolutionConfigurationPlatforms) = preSolution
		Debug|Any CPU = Debug|Any CPU
		Release|Any CPU = Release|Any CPU
	EndGlobalSection
	GlobalSection(ProjectConfigurationPlatforms) = postSolution
		{4E27067F-74FE-48F4-B825-752E065782DD}.Debug|Any CPU.ActiveCfg = Debug|Any CPU
		{4E27067F-74FE-48F4-B825-752E065782DD}.Debug|Any CPU.Build.0 = Debug|Any CPU
		{4E27067F-74FE-48F4-B825-752E065782DD}.Release|Any CPU.ActiveCfg = Release|Any CPU
		{4E27067F-74FE-48F4-B825-752E065782DD}.Release|Any CPU.Build.0 = Release|Any CPU
		{74F741E0-FC39-4434-A883-28537B420022}.Debug|Any CPU.ActiveCfg = Debug|Any CPU
		{74F741E0-FC39-4434-A883-28537B420022}.Debug|Any CPU.Build.0 = Debug|Any CPU
		{74F741E0-FC39-4434-A883-28537B420022}.Release|Any CPU.ActiveCfg = Release|Any CPU
		{74F741E0-FC39-4434-A883-28537B420022}.Release|Any CPU.Build.0 = Release|Any CPU
	EndGlobalSection
	GlobalSection(SolutionProperties) = preSolution
		HideSolutionNode = FALSE
	EndGlobalSection
	GlobalSection(ExtensibilityGlobals) = postSolution
		SolutionGuid = {95113E65-3083-4557-852F-5E5AC8E4431F}
	EndGlobalSection
EndGlobal
